// !$*UTF8*$!
{
	archiveVersion = 1;
	classes = {
	};
	objectVersion = 46;
	objects = {

/* Begin PBXBuildFile section */
		9446648618D2263700C09AB4 /* Foundation.framework in Frameworks */ = {isa = PBXBuildFile; fileRef = 9446648518D2263700C09AB4 /* Foundation.framework */; };
		9446648818D2263700C09AB4 /* CoreGraphics.framework in Frameworks */ = {isa = PBXBuildFile; fileRef = 9446648718D2263700C09AB4 /* CoreGraphics.framework */; };
		9446648A18D2263700C09AB4 /* UIKit.framework in Frameworks */ = {isa = PBXBuildFile; fileRef = 9446648918D2263700C09AB4 /* UIKit.framework */; };
		9446649018D2263700C09AB4 /* InfoPlist.strings in Resources */ = {isa = PBXBuildFile; fileRef = 9446648E18D2263700C09AB4 /* InfoPlist.strings */; };
		9446649218D2263700C09AB4 /* main.m in Sources */ = {isa = PBXBuildFile; fileRef = 9446649118D2263700C09AB4 /* main.m */; };
		9446649618D2263700C09AB4 /* AppDelegate.m in Sources */ = {isa = PBXBuildFile; fileRef = 9446649518D2263700C09AB4 /* AppDelegate.m */; };
		9446649918D2263700C09AB4 /* Main.storyboard in Resources */ = {isa = PBXBuildFile; fileRef = 9446649718D2263700C09AB4 /* Main.storyboard */; };
		9446649C18D2263700C09AB4 /* ViewController.m in Sources */ = {isa = PBXBuildFile; fileRef = 9446649B18D2263700C09AB4 /* ViewController.m */; };
		9446649E18D2263700C09AB4 /* Images.xcassets in Resources */ = {isa = PBXBuildFile; fileRef = 9446649D18D2263700C09AB4 /* Images.xcassets */; };
		944664A518D2263700C09AB4 /* XCTest.framework in Frameworks */ = {isa = PBXBuildFile; fileRef = 944664A418D2263700C09AB4 /* XCTest.framework */; };
		944664A618D2263700C09AB4 /* Foundation.framework in Frameworks */ = {isa = PBXBuildFile; fileRef = 9446648518D2263700C09AB4 /* Foundation.framework */; };
		944664A718D2263700C09AB4 /* UIKit.framework in Frameworks */ = {isa = PBXBuildFile; fileRef = 9446648918D2263700C09AB4 /* UIKit.framework */; };
		944664AF18D2263700C09AB4 /* InfoPlist.strings in Resources */ = {isa = PBXBuildFile; fileRef = 944664AD18D2263700C09AB4 /* InfoPlist.strings */; };
		944664B118D2263700C09AB4 /* EraUmaVez_Proj7Tests.m in Sources */ = {isa = PBXBuildFile; fileRef = 944664B018D2263700C09AB4 /* EraUmaVez_Proj7Tests.m */; };
/* End PBXBuildFile section */

/* Begin PBXContainerItemProxy section */
		944664A818D2263700C09AB4 /* PBXContainerItemProxy */ = {
			isa = PBXContainerItemProxy;
			containerPortal = 9446647A18D2263700C09AB4 /* Project object */;
			proxyType = 1;
			remoteGlobalIDString = 9446648118D2263700C09AB4;
			remoteInfo = "EraUmaVez-Proj7";
		};
/* End PBXContainerItemProxy section */

/* Begin PBXFileReference section */
		9446648218D2263700C09AB4 /* EraUmaVez-Proj7.app */ = {isa = PBXFileReference; explicitFileType = wrapper.application; includeInIndex = 0; path = "EraUmaVez-Proj7.app"; sourceTree = BUILT_PRODUCTS_DIR; };
		9446648518D2263700C09AB4 /* Foundation.framework */ = {isa = PBXFileReference; lastKnownFileType = wrapper.framework; name = Foundation.framework; path = System/Library/Frameworks/Foundation.framework; sourceTree = SDKROOT; };
		9446648718D2263700C09AB4 /* CoreGraphics.framework */ = {isa = PBXFileReference; lastKnownFileType = wrapper.framework; name = CoreGraphics.framework; path = System/Library/Frameworks/CoreGraphics.framework; sourceTree = SDKROOT; };
		9446648918D2263700C09AB4 /* UIKit.framework */ = {isa = PBXFileReference; lastKnownFileType = wrapper.framework; name = UIKit.framework; path = System/Library/Frameworks/UIKit.framework; sourceTree = SDKROOT; };
		9446648D18D2263700C09AB4 /* EraUmaVez-Proj7-Info.plist */ = {isa = PBXFileReference; lastKnownFileType = text.plist.xml; path = "EraUmaVez-Proj7-Info.plist"; sourceTree = "<group>"; };
		9446648F18D2263700C09AB4 /* en */ = {isa = PBXFileReference; lastKnownFileType = text.plist.strings; name = en; path = en.lproj/InfoPlist.strings; sourceTree = "<group>"; };
		9446649118D2263700C09AB4 /* main.m */ = {isa = PBXFileReference; lastKnownFileType = sourcecode.c.objc; path = main.m; sourceTree = "<group>"; };
		9446649318D2263700C09AB4 /* EraUmaVez-Proj7-Prefix.pch */ = {isa = PBXFileReference; lastKnownFileType = sourcecode.c.h; path = "EraUmaVez-Proj7-Prefix.pch"; sourceTree = "<group>"; };
		9446649418D2263700C09AB4 /* AppDelegate.h */ = {isa = PBXFileReference; lastKnownFileType = sourcecode.c.h; path = AppDelegate.h; sourceTree = "<group>"; };
		9446649518D2263700C09AB4 /* AppDelegate.m */ = {isa = PBXFileReference; lastKnownFileType = sourcecode.c.objc; path = AppDelegate.m; sourceTree = "<group>"; };
		9446649818D2263700C09AB4 /* Base */ = {isa = PBXFileReference; lastKnownFileType = file.storyboard; name = Base; path = Base.lproj/Main.storyboard; sourceTree = "<group>"; };
		9446649A18D2263700C09AB4 /* ViewController.h */ = {isa = PBXFileReference; lastKnownFileType = sourcecode.c.h; path = ViewController.h; sourceTree = "<group>"; };
		9446649B18D2263700C09AB4 /* ViewController.m */ = {isa = PBXFileReference; lastKnownFileType = sourcecode.c.objc; path = ViewController.m; sourceTree = "<group>"; };
		9446649D18D2263700C09AB4 /* Images.xcassets */ = {isa = PBXFileReference; lastKnownFileType = folder.assetcatalog; path = Images.xcassets; sourceTree = "<group>"; };
		944664A318D2263700C09AB4 /* EraUmaVez-Proj7Tests.xctest */ = {isa = PBXFileReference; explicitFileType = wrapper.cfbundle; includeInIndex = 0; path = "EraUmaVez-Proj7Tests.xctest"; sourceTree = BUILT_PRODUCTS_DIR; };
		944664A418D2263700C09AB4 /* XCTest.framework */ = {isa = PBXFileReference; lastKnownFileType = wrapper.framework; name = XCTest.framework; path = Library/Frameworks/XCTest.framework; sourceTree = DEVELOPER_DIR; };
		944664AC18D2263700C09AB4 /* EraUmaVez-Proj7Tests-Info.plist */ = {isa = PBXFileReference; lastKnownFileType = text.plist.xml; path = "EraUmaVez-Proj7Tests-Info.plist"; sourceTree = "<group>"; };
		944664AE18D2263700C09AB4 /* en */ = {isa = PBXFileReference; lastKnownFileType = text.plist.strings; name = en; path = en.lproj/InfoPlist.strings; sourceTree = "<group>"; };
		944664B018D2263700C09AB4 /* EraUmaVez_Proj7Tests.m */ = {isa = PBXFileReference; lastKnownFileType = sourcecode.c.objc; path = EraUmaVez_Proj7Tests.m; sourceTree = "<group>"; };
/* End PBXFileReference section */

/* Begin PBXFrameworksBuildPhase section */
		9446647F18D2263700C09AB4 /* Frameworks */ = {
			isa = PBXFrameworksBuildPhase;
			buildActionMask = 2147483647;
			files = (
				9446648818D2263700C09AB4 /* CoreGraphics.framework in Frameworks */,
				9446648A18D2263700C09AB4 /* UIKit.framework in Frameworks */,
				9446648618D2263700C09AB4 /* Foundation.framework in Frameworks */,
			);
			runOnlyForDeploymentPostprocessing = 0;
		};
		944664A018D2263700C09AB4 /* Frameworks */ = {
			isa = PBXFrameworksBuildPhase;
			buildActionMask = 2147483647;
			files = (
				944664A518D2263700C09AB4 /* XCTest.framework in Frameworks */,
				944664A718D2263700C09AB4 /* UIKit.framework in Frameworks */,
				944664A618D2263700C09AB4 /* Foundation.framework in Frameworks */,
			);
			runOnlyForDeploymentPostprocessing = 0;
		};
/* End PBXFrameworksBuildPhase section */

/* Begin PBXGroup section */
		9446647918D2263700C09AB4 = {
			isa = PBXGroup;
			children = (
				9446648B18D2263700C09AB4 /* EraUmaVez-Proj7 */,
				944664AA18D2263700C09AB4 /* EraUmaVez-Proj7Tests */,
				9446648418D2263700C09AB4 /* Frameworks */,
				9446648318D2263700C09AB4 /* Products */,
			);
			sourceTree = "<group>";
		};
		9446648318D2263700C09AB4 /* Products */ = {
			isa = PBXGroup;
			children = (
				9446648218D2263700C09AB4 /* EraUmaVez-Proj7.app */,
				944664A318D2263700C09AB4 /* EraUmaVez-Proj7Tests.xctest */,
			);
			name = Products;
			sourceTree = "<group>";
		};
		9446648418D2263700C09AB4 /* Frameworks */ = {
			isa = PBXGroup;
			children = (
				9446648518D2263700C09AB4 /* Foundation.framework */,
				9446648718D2263700C09AB4 /* CoreGraphics.framework */,
				9446648918D2263700C09AB4 /* UIKit.framework */,
				944664A418D2263700C09AB4 /* XCTest.framework */,
			);
			name = Frameworks;
			sourceTree = "<group>";
		};
		9446648B18D2263700C09AB4 /* EraUmaVez-Proj7 */ = {
			isa = PBXGroup;
			children = (
				9446649418D2263700C09AB4 /* AppDelegate.h */,
				9446649518D2263700C09AB4 /* AppDelegate.m */,
				9446649718D2263700C09AB4 /* Main.storyboard */,
				9446649A18D2263700C09AB4 /* ViewController.h */,
				9446649B18D2263700C09AB4 /* ViewController.m */,
				9446649D18D2263700C09AB4 /* Images.xcassets */,
				9446648C18D2263700C09AB4 /* Supporting Files */,
			);
			path = "EraUmaVez-Proj7";
			sourceTree = "<group>";
		};
		9446648C18D2263700C09AB4 /* Supporting Files */ = {
			isa = PBXGroup;
			children = (
				9446648D18D2263700C09AB4 /* EraUmaVez-Proj7-Info.plist */,
				9446648E18D2263700C09AB4 /* InfoPlist.strings */,
				9446649118D2263700C09AB4 /* main.m */,
				9446649318D2263700C09AB4 /* EraUmaVez-Proj7-Prefix.pch */,
			);
			name = "Supporting Files";
			sourceTree = "<group>";
		};
		944664AA18D2263700C09AB4 /* EraUmaVez-Proj7Tests */ = {
			isa = PBXGroup;
			children = (
				944664B018D2263700C09AB4 /* EraUmaVez_Proj7Tests.m */,
				944664AB18D2263700C09AB4 /* Supporting Files */,
			);
			path = "EraUmaVez-Proj7Tests";
			sourceTree = "<group>";
		};
		944664AB18D2263700C09AB4 /* Supporting Files */ = {
			isa = PBXGroup;
			children = (
				944664AC18D2263700C09AB4 /* EraUmaVez-Proj7Tests-Info.plist */,
				944664AD18D2263700C09AB4 /* InfoPlist.strings */,
			);
			name = "Supporting Files";
			sourceTree = "<group>";
		};
/* End PBXGroup section */

/* Begin PBXNativeTarget section */
		9446648118D2263700C09AB4 /* EraUmaVez-Proj7 */ = {
			isa = PBXNativeTarget;
			buildConfigurationList = 944664B418D2263700C09AB4 /* Build configuration list for PBXNativeTarget "EraUmaVez-Proj7" */;
			buildPhases = (
				9446647E18D2263700C09AB4 /* Sources */,
				9446647F18D2263700C09AB4 /* Frameworks */,
				9446648018D2263700C09AB4 /* Resources */,
			);
			buildRules = (
			);
			dependencies = (
			);
			name = "EraUmaVez-Proj7";
			productName = "EraUmaVez-Proj7";
			productReference = 9446648218D2263700C09AB4 /* EraUmaVez-Proj7.app */;
			productType = "com.apple.product-type.application";
		};
		944664A218D2263700C09AB4 /* EraUmaVez-Proj7Tests */ = {
			isa = PBXNativeTarget;
			buildConfigurationList = 944664B718D2263700C09AB4 /* Build configuration list for PBXNativeTarget "EraUmaVez-Proj7Tests" */;
			buildPhases = (
				9446649F18D2263700C09AB4 /* Sources */,
				944664A018D2263700C09AB4 /* Frameworks */,
				944664A118D2263700C09AB4 /* Resources */,
			);
			buildRules = (
			);
			dependencies = (
				944664A918D2263700C09AB4 /* PBXTargetDependency */,
			);
			name = "EraUmaVez-Proj7Tests";
			productName = "EraUmaVez-Proj7Tests";
			productReference = 944664A318D2263700C09AB4 /* EraUmaVez-Proj7Tests.xctest */;
			productType = "com.apple.product-type.bundle.unit-test";
		};
/* End PBXNativeTarget section */

/* Begin PBXProject section */
		9446647A18D2263700C09AB4 /* Project object */ = {
			isa = PBXProject;
			attributes = {
				LastUpgradeCheck = 0500;
				ORGANIZATIONNAME = "LEONARDO DE SOUSA MENDES";
				TargetAttributes = {
					944664A218D2263700C09AB4 = {
						TestTargetID = 9446648118D2263700C09AB4;
					};
				};
			};
			buildConfigurationList = 9446647D18D2263700C09AB4 /* Build configuration list for PBXProject "EraUmaVez-Proj7" */;
			compatibilityVersion = "Xcode 3.2";
			developmentRegion = English;
			hasScannedForEncodings = 0;
			knownRegions = (
				en,
				Base,
			);
			mainGroup = 9446647918D2263700C09AB4;
			productRefGroup = 9446648318D2263700C09AB4 /* Products */;
			projectDirPath = "";
			projectRoot = "";
			targets = (
				9446648118D2263700C09AB4 /* EraUmaVez-Proj7 */,
				944664A218D2263700C09AB4 /* EraUmaVez-Proj7Tests */,
			);
		};
/* End PBXProject section */

/* Begin PBXResourcesBuildPhase section */
		9446648018D2263700C09AB4 /* Resources */ = {
			isa = PBXResourcesBuildPhase;
			buildActionMask = 2147483647;
			files = (
				9446649E18D2263700C09AB4 /* Images.xcassets in Resources */,
				9446649018D2263700C09AB4 /* InfoPlist.strings in Resources */,
				9446649918D2263700C09AB4 /* Main.storyboard in Resources */,
			);
			runOnlyForDeploymentPostprocessing = 0;
		};
		944664A118D2263700C09AB4 /* Resources */ = {
			isa = PBXResourcesBuildPhase;
			buildActionMask = 2147483647;
			files = (
				944664AF18D2263700C09AB4 /* InfoPlist.strings in Resources */,
			);
			runOnlyForDeploymentPostprocessing = 0;
		};
/* End PBXResourcesBuildPhase section */

/* Begin PBXSourcesBuildPhase section */
		9446647E18D2263700C09AB4 /* Sources */ = {
			isa = PBXSourcesBuildPhase;
			buildActionMask = 2147483647;
			files = (
				9446649C18D2263700C09AB4 /* ViewController.m in Sources */,
				9446649618D2263700C09AB4 /* AppDelegate.m in Sources */,
				9446649218D2263700C09AB4 /* main.m in Sources */,
			);
			runOnlyForDeploymentPostprocessing = 0;
		};
		9446649F18D2263700C09AB4 /* Sources */ = {
			isa = PBXSourcesBuildPhase;
			buildActionMask = 2147483647;
			files = (
				944664B118D2263700C09AB4 /* EraUmaVez_Proj7Tests.m in Sources */,
			);
			runOnlyForDeploymentPostprocessing = 0;
		};
/* End PBXSourcesBuildPhase section */

/* Begin PBXTargetDependency section */
		944664A918D2263700C09AB4 /* PBXTargetDependency */ = {
			isa = PBXTargetDependency;
			target = 9446648118D2263700C09AB4 /* EraUmaVez-Proj7 */;
			targetProxy = 944664A818D2263700C09AB4 /* PBXContainerItemProxy */;
		};
/* End PBXTargetDependency section */

/* Begin PBXVariantGroup section */
		9446648E18D2263700C09AB4 /* InfoPlist.strings */ = {
			isa = PBXVariantGroup;
			children = (
				9446648F18D2263700C09AB4 /* en */,
			);
			name = InfoPlist.strings;
			sourceTree = "<group>";
		};
		9446649718D2263700C09AB4 /* Main.storyboard */ = {
			isa = PBXVariantGroup;
			children = (
				9446649818D2263700C09AB4 /* Base */,
			);
			name = Main.storyboard;
			sourceTree = "<group>";
		};
		944664AD18D2263700C09AB4 /* InfoPlist.strings */ = {
			isa = PBXVariantGroup;
			children = (
				944664AE18D2263700C09AB4 /* en */,
			);
			name = InfoPlist.strings;
			sourceTree = "<group>";
		};
/* End PBXVariantGroup section */

/* Begin XCBuildConfiguration section */
		944664B218D2263700C09AB4 /* Debug */ = {
			isa = XCBuildConfiguration;
			buildSettings = {
				ALWAYS_SEARCH_USER_PATHS = NO;
				ARCHS = "$(ARCHS_STANDARD_INCLUDING_64_BIT)";
				CLANG_CXX_LANGUAGE_STANDARD = "gnu++0x";
				CLANG_CXX_LIBRARY = "libc++";
				CLANG_ENABLE_MODULES = YES;
				CLANG_ENABLE_OBJC_ARC = YES;
				CLANG_WARN_BOOL_CONVERSION = YES;
				CLANG_WARN_CONSTANT_CONVERSION = YES;
				CLANG_WARN_DIRECT_OBJC_ISA_USAGE = YES_ERROR;
				CLANG_WARN_EMPTY_BODY = YES;
				CLANG_WARN_ENUM_CONVERSION = YES;
				CLANG_WARN_INT_CONVERSION = YES;
				CLANG_WARN_OBJC_ROOT_CLASS = YES_ERROR;
				CLANG_WARN__DUPLICATE_METHOD_MATCH = YES;
				"CODE_SIGN_IDENTITY[sdk=iphoneos*]" = "iPhone Developer";
				COPY_PHASE_STRIP = NO;
				GCC_C_LANGUAGE_STANDARD = gnu99;
				GCC_DYNAMIC_NO_PIC = NO;
				GCC_OPTIMIZATION_LEVEL = 0;
				GCC_PREPROCESSOR_DEFINITIONS = (
					"DEBUG=1",
					"$(inherited)",
				);
				GCC_SYMBOLS_PRIVATE_EXTERN = NO;
				GCC_WARN_64_TO_32_BIT_CONVERSION = YES;
				GCC_WARN_ABOUT_RETURN_TYPE = YES_ERROR;
				GCC_WARN_UNDECLARED_SELECTOR = YES;
				GCC_WARN_UNINITIALIZED_AUTOS = YES;
				GCC_WARN_UNUSED_FUNCTION = YES;
				GCC_WARN_UNUSED_VARIABLE = YES;
				IPHONEOS_DEPLOYMENT_TARGET = 7.0;
				ONLY_ACTIVE_ARCH = YES;
				SDKROOT = iphoneos;
			};
			name = Debug;
		};
		944664B318D2263700C09AB4 /* Release */ = {
			isa = XCBuildConfiguration;
			buildSettings = {
				ALWAYS_SEARCH_USER_PATHS = NO;
				ARCHS = "$(ARCHS_STANDARD_INCLUDING_64_BIT)";
				CLANG_CXX_LANGUAGE_STANDARD = "gnu++0x";
				CLANG_CXX_LIBRARY = "libc++";
				CLANG_ENABLE_MODULES = YES;
				CLANG_ENABLE_OBJC_ARC = YES;
				CLANG_WARN_BOOL_CONVERSION = YES;
				CLANG_WARN_CONSTANT_CONVERSION = YES;
				CLANG_WARN_DIRECT_OBJC_ISA_USAGE = YES_ERROR;
				CLANG_WARN_EMPTY_BODY = YES;
				CLANG_WARN_ENUM_CONVERSION = YES;
				CLANG_WARN_INT_CONVERSION = YES;
				CLANG_WARN_OBJC_ROOT_CLASS = YES_ERROR;
				CLANG_WARN__DUPLICATE_METHOD_MATCH = YES;
				"CODE_SIGN_IDENTITY[sdk=iphoneos*]" = "iPhone Developer";
				COPY_PHASE_STRIP = YES;
				ENABLE_NS_ASSERTIONS = NO;
				GCC_C_LANGUAGE_STANDARD = gnu99;
				GCC_WARN_64_TO_32_BIT_CONVERSION = YES;
				GCC_WARN_ABOUT_RETURN_TYPE = YES_ERROR;
				GCC_WARN_UNDECLARED_SELECTOR = YES;
				GCC_WARN_UNINITIALIZED_AUTOS = YES;
				GCC_WARN_UNUSED_FUNCTION = YES;
				GCC_WARN_UNUSED_VARIABLE = YES;
				IPHONEOS_DEPLOYMENT_TARGET = 7.0;
				SDKROOT = iphoneos;
				VALIDATE_PRODUCT = YES;
			};
			name = Release;
		};
		944664B518D2263700C09AB4 /* Debug */ = {
			isa = XCBuildConfiguration;
			buildSettings = {
				ASSETCATALOG_COMPILER_APPICON_NAME = AppIcon;
				ASSETCATALOG_COMPILER_LAUNCHIMAGE_NAME = LaunchImage;
				GCC_PRECOMPILE_PREFIX_HEADER = YES;
				GCC_PREFIX_HEADER = "EraUmaVez-Proj7/EraUmaVez-Proj7-Prefix.pch";
				INFOPLIST_FILE = "EraUmaVez-Proj7/EraUmaVez-Proj7-Info.plist";
				PRODUCT_NAME = "$(TARGET_NAME)";
				WRAPPER_EXTENSION = app;
			};
			name = Debug;
		};
		944664B618D2263700C09AB4 /* Release */ = {
			isa = XCBuildConfiguration;
			buildSettings = {
				ASSETCATALOG_COMPILER_APPICON_NAME = AppIcon;
				ASSETCATALOG_COMPILER_LAUNCHIMAGE_NAME = LaunchImage;
				GCC_PRECOMPILE_PREFIX_HEADER = YES;
				GCC_PREFIX_HEADER = "EraUmaVez-Proj7/EraUmaVez-Proj7-Prefix.pch";
				INFOPLIST_FILE = "EraUmaVez-Proj7/EraUmaVez-Proj7-Info.plist";
				PRODUCT_NAME = "$(TARGET_NAME)";
				WRAPPER_EXTENSION = app;
			};
			name = Release;
		};
		944664B818D2263700C09AB4 /* Debug */ = {
			isa = XCBuildConfiguration;
			buildSettings = {
				ARCHS = "$(ARCHS_STANDARD_INCLUDING_64_BIT)";
				BUNDLE_LOADER = "$(BUILT_PRODUCTS_DIR)/EraUmaVez-Proj7.app/EraUmaVez-Proj7";
				FRAMEWORK_SEARCH_PATHS = (
					"$(SDKROOT)/Developer/Library/Frameworks",
					"$(inherited)",
					"$(DEVELOPER_FRAMEWORKS_DIR)",
				);
				GCC_PRECOMPILE_PREFIX_HEADER = YES;
				GCC_PREFIX_HEADER = "EraUmaVez-Proj7/EraUmaVez-Proj7-Prefix.pch";
				GCC_PREPROCESSOR_DEFINITIONS = (
					"DEBUG=1",
					"$(inherited)",
				);
				INFOPLIST_FILE = "EraUmaVez-Proj7Tests/EraUmaVez-Proj7Tests-Info.plist";
				PRODUCT_NAME = "$(TARGET_NAME)";
				TEST_HOST = "$(BUNDLE_LOADER)";
				WRAPPER_EXTENSION = xctest;
			};
			name = Debug;
		};
		944664B918D2263700C09AB4 /* Release */ = {
			isa = XCBuildConfiguration;
			buildSettings = {
				ARCHS = "$(ARCHS_STANDARD_INCLUDING_64_BIT)";
				BUNDLE_LOADER = "$(BUILT_PRODUCTS_DIR)/EraUmaVez-Proj7.app/EraUmaVez-Proj7";
				FRAMEWORK_SEARCH_PATHS = (
					"$(SDKROOT)/Developer/Library/Frameworks",
					"$(inherited)",
					"$(DEVELOPER_FRAMEWORKS_DIR)",
				);
				GCC_PRECOMPILE_PREFIX_HEADER = YES;
				GCC_PREFIX_HEADER = "EraUmaVez-Proj7/EraUmaVez-Proj7-Prefix.pch";
				INFOPLIST_FILE = "EraUmaVez-Proj7Tests/EraUmaVez-Proj7Tests-Info.plist";
				PRODUCT_NAME = "$(TARGET_NAME)";
				TEST_HOST = "$(BUNDLE_LOADER)";
				WRAPPER_EXTENSION = xctest;
			};
			name = Release;
		};
/* End XCBuildConfiguration section */

/* Begin XCConfigurationList section */
		9446647D18D2263700C09AB4 /* Build configuration list for PBXProject "EraUmaVez-Proj7" */ = {
			isa = XCConfigurationList;
			buildConfigurations = (
				944664B218D2263700C09AB4 /* Debug */,
				944664B318D2263700C09AB4 /* Release */,
			);
			defaultConfigurationIsVisible = 0;
			defaultConfigurationName = Release;
		};
		944664B418D2263700C09AB4 /* Build configuration list for PBXNativeTarget "EraUmaVez-Proj7" */ = {
			isa = XCConfigurationList;
			buildConfigurations = (
				944664B518D2263700C09AB4 /* Debug */,
				944664B618D2263700C09AB4 /* Release */,
			);
			defaultConfigurationIsVisible = 0;
		};
		944664B718D2263700C09AB4 /* Build configuration list for PBXNativeTarget "EraUmaVez-Proj7Tests" */ = {
			isa = XCConfigurationList;
			buildConfigurations = (
				944664B818D2263700C09AB4 /* Debug */,
				944664B918D2263700C09AB4 /* Release */,
			);
			defaultConfigurationIsVisible = 0;
		};
/* End XCConfigurationList section */
	};
	rootObject = 9446647A18D2263700C09AB4 /* Project object */;
}
